
Microsoft Visual Studio Solution File, Format Version 12.00
# Visual Studio Version 17
VisualStudioVersion = 17.5.33424.131
MinimumVisualStudioVersion = 10.0.40219.1
Project("{9A19103F-16F7-4668-BE54-9A1E7A4F7556}") = "oicar-ApiServices", "oicar-ApiServices\oicar-ApiServices.csproj", "{65A45337-65AA-4E7E-B29A-C83083F1ED14}"
EndProject
Project("{2150E333-8FDC-42A3-9474-1A3956D46DE8}") = "Shared", "Shared", "{4B60AC7F-7246-4FFF-BB3E-C8D9EC63B764}"
EndProject
Project("{9A19103F-16F7-4668-BE54-9A1E7A4F7556}") = "Domain", "Domain\Domain.csproj", "{E16018A1-6D65-4F8D-A66A-59F43C171DBC}"
EndProject
Project("{9A19103F-16F7-4668-BE54-9A1E7A4F7556}") = "FitPal-Models", "FitPal-Models\FitPal-Models.csproj", "{B1B5EF27-2856-4821-8323-536748956CAC}"
EndProject
Project("{9A19103F-16F7-4668-BE54-9A1E7A4F7556}") = "Repository", "Repository\Repository.csproj", "{9DF6E302-DD81-4E12-A58C-A3EEDD77854F}"
EndProject
Project("{FAE04EC0-301F-11D3-BF4B-00C04F79EFBC}") = "RestApiServices", "RestApiServices\RestApiServices.csproj", "{4C79462B-229E-4F0D-9783-75014BB72B74}"
EndProject
Project("{FAE04EC0-301F-11D3-BF4B-00C04F79EFBC}") = "CronJobs", "CronJobs\CronJobs.csproj", "{766405AB-8C97-40F0-AC2D-2B80F2E1CF56}"
EndProject
Global
	GlobalSection(SolutionConfigurationPlatforms) = preSolution
		Debug|Any CPU = Debug|Any CPU
		Release|Any CPU = Release|Any CPU
	EndGlobalSection
	GlobalSection(ProjectConfigurationPlatforms) = postSolution
		{65A45337-65AA-4E7E-B29A-C83083F1ED14}.Debug|Any CPU.ActiveCfg = Debug|Any CPU
		{65A45337-65AA-4E7E-B29A-C83083F1ED14}.Debug|Any CPU.Build.0 = Debug|Any CPU
		{65A45337-65AA-4E7E-B29A-C83083F1ED14}.Release|Any CPU.ActiveCfg = Release|Any CPU
		{65A45337-65AA-4E7E-B29A-C83083F1ED14}.Release|Any CPU.Build.0 = Release|Any CPU
		{E16018A1-6D65-4F8D-A66A-59F43C171DBC}.Debug|Any CPU.ActiveCfg = Debug|Any CPU
		{E16018A1-6D65-4F8D-A66A-59F43C171DBC}.Debug|Any CPU.Build.0 = Debug|Any CPU
		{E16018A1-6D65-4F8D-A66A-59F43C171DBC}.Release|Any CPU.ActiveCfg = Release|Any CPU
		{E16018A1-6D65-4F8D-A66A-59F43C171DBC}.Release|Any CPU.Build.0 = Release|Any CPU
		{B1B5EF27-2856-4821-8323-536748956CAC}.Debug|Any CPU.ActiveCfg = Debug|Any CPU
		{B1B5EF27-2856-4821-8323-536748956CAC}.Debug|Any CPU.Build.0 = Debug|Any CPU
		{B1B5EF27-2856-4821-8323-536748956CAC}.Release|Any CPU.ActiveCfg = Release|Any CPU
		{B1B5EF27-2856-4821-8323-536748956CAC}.Release|Any CPU.Build.0 = Release|Any CPU
		{9DF6E302-DD81-4E12-A58C-A3EEDD77854F}.Debug|Any CPU.ActiveCfg = Debug|Any CPU
		{9DF6E302-DD81-4E12-A58C-A3EEDD77854F}.Debug|Any CPU.Build.0 = Debug|Any CPU
		{9DF6E302-DD81-4E12-A58C-A3EEDD77854F}.Release|Any CPU.ActiveCfg = Release|Any CPU
		{9DF6E302-DD81-4E12-A58C-A3EEDD77854F}.Release|Any CPU.Build.0 = Release|Any CPU
		{4C79462B-229E-4F0D-9783-75014BB72B74}.Debug|Any CPU.ActiveCfg = Debug|Any CPU
		{4C79462B-229E-4F0D-9783-75014BB72B74}.Debug|Any CPU.Build.0 = Debug|Any CPU
		{4C79462B-229E-4F0D-9783-75014BB72B74}.Release|Any CPU.ActiveCfg = Release|Any CPU
		{4C79462B-229E-4F0D-9783-75014BB72B74}.Release|Any CPU.Build.0 = Release|Any CPU
		{766405AB-8C97-40F0-AC2D-2B80F2E1CF56}.Debug|Any CPU.ActiveCfg = Debug|Any CPU
		{766405AB-8C97-40F0-AC2D-2B80F2E1CF56}.Debug|Any CPU.Build.0 = Debug|Any CPU
		{766405AB-8C97-40F0-AC2D-2B80F2E1CF56}.Release|Any CPU.ActiveCfg = Release|Any CPU
		{766405AB-8C97-40F0-AC2D-2B80F2E1CF56}.Release|Any CPU.Build.0 = Release|Any CPU
	EndGlobalSection
	GlobalSection(SolutionProperties) = preSolution
		HideSolutionNode = FALSE
	EndGlobalSection
	GlobalSection(NestedProjects) = preSolution
		{B1B5EF27-2856-4821-8323-536748956CAC} = {4B60AC7F-7246-4FFF-BB3E-C8D9EC63B764}
		{4C79462B-229E-4F0D-9783-75014BB72B74} = {4B60AC7F-7246-4FFF-BB3E-C8D9EC63B764}
	EndGlobalSection
	GlobalSection(ExtensibilityGlobals) = postSolution
		SolutionGuid = {23A0D5A2-794E-48F4-A2CA-1A272E4F16F0}
	EndGlobalSection
EndGlobal
