
Microsoft Visual Studio Solution File, Format Version 12.00
# Visual Studio Version 16
VisualStudioVersion = 25.0.1705.3
MinimumVisualStudioVersion = 10.0.40219.1
Project("{FAE04EC0-301F-11D3-BF4B-00C04F79EFBC}") = "Repository", "Repository.csproj", "{D1336228-8394-416F-AD94-FE00D72912CF}"
EndProject
Global
	GlobalSection(SolutionConfigurationPlatforms) = preSolution
		Debug|Any CPU = Debug|Any CPU
		Release|Any CPU = Release|Any CPU
	EndGlobalSection
	GlobalSection(ProjectConfigurationPlatforms) = postSolution
		{D1336228-8394-416F-AD94-FE00D72912CF}.Debug|Any CPU.ActiveCfg = Debug|Any CPU
		{D1336228-8394-416F-AD94-FE00D72912CF}.Debug|Any CPU.Build.0 = Debug|Any CPU
		{D1336228-8394-416F-AD94-FE00D72912CF}.Release|Any CPU.ActiveCfg = Release|Any CPU
		{D1336228-8394-416F-AD94-FE00D72912CF}.Release|Any CPU.Build.0 = Release|Any CPU
	EndGlobalSection
	GlobalSection(SolutionProperties) = preSolution
		HideSolutionNode = FALSE
	EndGlobalSection
	GlobalSection(ExtensibilityGlobals) = postSolution
		SolutionGuid = {FD68F318-C9E4-4DAB-AE39-0CB38052D2FC}
	EndGlobalSection
EndGlobal
